
Microsoft Visual Studio Solution File, Format Version 12.00
# Visual Studio 2012
Project("{FAE04EC0-301F-11D3-BF4B-00C04F79EFBC}") = "DDM.ExcelAddIn", "DDM.ExcelAddIn.csproj", "{A40E3A55-18A7-4965-8AA0-0A39FED68938}"
EndProject
Project("{FAE04EC0-301F-11D3-BF4B-00C04F79EFBC}") = "DDM.ExcelAddIn.Test", "DDM.ExcelAddIn.Test\DDM.ExcelAddIn.Test.csproj", "{62E8F4F7-8A11-456D-9194-522B2A3569DA}"
EndProject
Global
	GlobalSection(SolutionConfigurationPlatforms) = preSolution
		Debug|Any CPU = Debug|Any CPU
		Release|Any CPU = Release|Any CPU
	EndGlobalSection
	GlobalSection(ProjectConfigurationPlatforms) = postSolution
		{A40E3A55-18A7-4965-8AA0-0A39FED68938}.Debug|Any CPU.ActiveCfg = Debug|Any CPU
		{A40E3A55-18A7-4965-8AA0-0A39FED68938}.Debug|Any CPU.Build.0 = Debug|Any CPU
		{A40E3A55-18A7-4965-8AA0-0A39FED68938}.Release|Any CPU.ActiveCfg = Release|Any CPU
		{A40E3A55-18A7-4965-8AA0-0A39FED68938}.Release|Any CPU.Build.0 = Release|Any CPU
		{62E8F4F7-8A11-456D-9194-522B2A3569DA}.Debug|Any CPU.ActiveCfg = Debug|Any CPU
		{62E8F4F7-8A11-456D-9194-522B2A3569DA}.Debug|Any CPU.Build.0 = Debug|Any CPU
		{62E8F4F7-8A11-456D-9194-522B2A3569DA}.Release|Any CPU.ActiveCfg = Release|Any CPU
		{62E8F4F7-8A11-456D-9194-522B2A3569DA}.Release|Any CPU.Build.0 = Release|Any CPU
	EndGlobalSection
	GlobalSection(SolutionProperties) = preSolution
		HideSolutionNode = FALSE
	EndGlobalSection
EndGlobal
